// !$*UTF8*$!
{
	archiveVersion = 1;
	classes = {
	};
	objectVersion = 55;
	objects = {

/* Begin PBXBuildFile section */
		0931000B28C109EE007776F9 /* FirebaseManager.swift in Sources */ = {isa = PBXBuildFile; fileRef = 0931000A28C109EE007776F9 /* FirebaseManager.swift */; };
		09D6F4E528C0FDD900D056C2 /* LoginView.swift in Sources */ = {isa = PBXBuildFile; fileRef = 09D6F4E428C0FDD900D056C2 /* LoginView.swift */; };
		4E6D455128BF282E005B7DF0 /* Users.swift in Sources */ = {isa = PBXBuildFile; fileRef = 4E6D454E28BF282E005B7DF0 /* Users.swift */; };
		4E6D455228BF282E005B7DF0 /* Categories.swift in Sources */ = {isa = PBXBuildFile; fileRef = 4E6D454F28BF282E005B7DF0 /* Categories.swift */; };
		4E6D455328BF282E005B7DF0 /* Podcasts.swift in Sources */ = {isa = PBXBuildFile; fileRef = 4E6D455028BF282E005B7DF0 /* Podcasts.swift */; };
		4E6D455528BF2838005B7DF0 /* Settings.swift in Sources */ = {isa = PBXBuildFile; fileRef = 4E6D455428BF2838005B7DF0 /* Settings.swift */; };
		4E6D455728BF2842005B7DF0 /* PodcastViewModel.swift in Sources */ = {isa = PBXBuildFile; fileRef = 4E6D455628BF2842005B7DF0 /* PodcastViewModel.swift */; };
		4E6D455928BF285D005B7DF0 /* ContentView.swift in Sources */ = {isa = PBXBuildFile; fileRef = 4E6D455828BF285D005B7DF0 /* ContentView.swift */; };
		4E6D456828BF2D3E005B7DF0 /* UserViewModel.swift in Sources */ = {isa = PBXBuildFile; fileRef = 4E6D456728BF2D3E005B7DF0 /* UserViewModel.swift */; };
		4E6D456A28BF4973005B7DF0 /* SignUpView.swift in Sources */ = {isa = PBXBuildFile; fileRef = 4E6D456928BF4973005B7DF0 /* SignUpView.swift */; };
		4E6D456C28BF4F8E005B7DF0 /* ImagePicker.swift in Sources */ = {isa = PBXBuildFile; fileRef = 4E6D456B28BF4F8E005B7DF0 /* ImagePicker.swift */; };
		4EEF6B6D28BD273B00610B54 /* NPCApp.swift in Sources */ = {isa = PBXBuildFile; fileRef = 4EEF6B6C28BD273B00610B54 /* NPCApp.swift */; };
		4EEF6B7128BD273C00610B54 /* Assets.xcassets in Resources */ = {isa = PBXBuildFile; fileRef = 4EEF6B7028BD273C00610B54 /* Assets.xcassets */; };
		4EEF6B7428BD273C00610B54 /* Preview Assets.xcassets in Resources */ = {isa = PBXBuildFile; fileRef = 4EEF6B7328BD273C00610B54 /* Preview Assets.xcassets */; };
		4EEF6B8C28BD2BE000610B54 /* GoogleService-Info.plist in Resources */ = {isa = PBXBuildFile; fileRef = 4EEF6B8B28BD2BE000610B54 /* GoogleService-Info.plist */; };
		4EEF6B9828BD2F8B00610B54 /* SoundControl.swift in Sources */ = {isa = PBXBuildFile; fileRef = 4EEF6B9728BD2F8B00610B54 /* SoundControl.swift */; };
		BBCF9EFC28BF148D006BCA16 /* TopNavBar.swift in Sources */ = {isa = PBXBuildFile; fileRef = BBCF9EFB28BF148D006BCA16 /* TopNavBar.swift */; };
/* End PBXBuildFile section */

/* Begin PBXFileReference section */
		0931000A28C109EE007776F9 /* FirebaseManager.swift */ = {isa = PBXFileReference; lastKnownFileType = sourcecode.swift; path = FirebaseManager.swift; sourceTree = "<group>"; };
		09D6F4E428C0FDD900D056C2 /* LoginView.swift */ = {isa = PBXFileReference; lastKnownFileType = sourcecode.swift; path = LoginView.swift; sourceTree = "<group>"; };
		4E6D454E28BF282E005B7DF0 /* Users.swift */ = {isa = PBXFileReference; fileEncoding = 4; lastKnownFileType = sourcecode.swift; path = Users.swift; sourceTree = "<group>"; };
		4E6D454F28BF282E005B7DF0 /* Categories.swift */ = {isa = PBXFileReference; fileEncoding = 4; lastKnownFileType = sourcecode.swift; path = Categories.swift; sourceTree = "<group>"; };
		4E6D455028BF282E005B7DF0 /* Podcasts.swift */ = {isa = PBXFileReference; fileEncoding = 4; lastKnownFileType = sourcecode.swift; path = Podcasts.swift; sourceTree = "<group>"; };
		4E6D455428BF2838005B7DF0 /* Settings.swift */ = {isa = PBXFileReference; fileEncoding = 4; lastKnownFileType = sourcecode.swift; path = Settings.swift; sourceTree = "<group>"; };
		4E6D455628BF2842005B7DF0 /* PodcastViewModel.swift */ = {isa = PBXFileReference; fileEncoding = 4; lastKnownFileType = sourcecode.swift; path = PodcastViewModel.swift; sourceTree = "<group>"; };
		4E6D455828BF285D005B7DF0 /* ContentView.swift */ = {isa = PBXFileReference; fileEncoding = 4; lastKnownFileType = sourcecode.swift; path = ContentView.swift; sourceTree = "<group>"; };
		4E6D456728BF2D3E005B7DF0 /* UserViewModel.swift */ = {isa = PBXFileReference; lastKnownFileType = sourcecode.swift; path = UserViewModel.swift; sourceTree = "<group>"; };
		4E6D456928BF4973005B7DF0 /* SignUpView.swift */ = {isa = PBXFileReference; lastKnownFileType = sourcecode.swift; path = SignUpView.swift; sourceTree = "<group>"; };
		4E6D456B28BF4F8E005B7DF0 /* ImagePicker.swift */ = {isa = PBXFileReference; lastKnownFileType = sourcecode.swift; path = ImagePicker.swift; sourceTree = "<group>"; };
		4EEF6B6928BD273B00610B54 /* NPC.app */ = {isa = PBXFileReference; explicitFileType = wrapper.application; includeInIndex = 0; path = NPC.app; sourceTree = BUILT_PRODUCTS_DIR; };
		4EEF6B6C28BD273B00610B54 /* NPCApp.swift */ = {isa = PBXFileReference; lastKnownFileType = sourcecode.swift; path = NPCApp.swift; sourceTree = "<group>"; };
		4EEF6B7028BD273C00610B54 /* Assets.xcassets */ = {isa = PBXFileReference; lastKnownFileType = folder.assetcatalog; path = Assets.xcassets; sourceTree = "<group>"; };
		4EEF6B7328BD273C00610B54 /* Preview Assets.xcassets */ = {isa = PBXFileReference; lastKnownFileType = folder.assetcatalog; path = "Preview Assets.xcassets"; sourceTree = "<group>"; };
		4EEF6B8B28BD2BE000610B54 /* GoogleService-Info.plist */ = {isa = PBXFileReference; fileEncoding = 4; lastKnownFileType = text.plist.xml; path = "GoogleService-Info.plist"; sourceTree = "<group>"; };
		4EEF6B9728BD2F8B00610B54 /* SoundControl.swift */ = {isa = PBXFileReference; lastKnownFileType = sourcecode.swift; path = SoundControl.swift; sourceTree = "<group>"; };
		BBCF9EFB28BF148D006BCA16 /* TopNavBar.swift */ = {isa = PBXFileReference; lastKnownFileType = sourcecode.swift; path = TopNavBar.swift; sourceTree = "<group>"; };
/* End PBXFileReference section */

/* Begin PBXFrameworksBuildPhase section */
		4EEF6B6628BD273B00610B54 /* Frameworks */ = {
			isa = PBXFrameworksBuildPhase;
			buildActionMask = 2147483647;
			files = (
			);
			runOnlyForDeploymentPostprocessing = 0;
		};
/* End PBXFrameworksBuildPhase section */

/* Begin PBXGroup section */
		4EEF6B6028BD273B00610B54 = {
			isa = PBXGroup;
			children = (
				4EEF6B8B28BD2BE000610B54 /* GoogleService-Info.plist */,
				4EEF6B9428BD2DA900610B54 /* Fonts */,
				4EEF6B9328BD2DA200610B54 /* Sounds */,
				4EEF6B9228BD2D8D00610B54 /* Views */,
				4EEF6B9128BD2D7800610B54 /* Constants */,
				4EEF6B9028BD2D6E00610B54 /* Helpers */,
				4EEF6B8F28BD2D6300610B54 /* Components */,
				4EEF6B8E28BD2D5900610B54 /* Models */,
				4EEF6B6B28BD273B00610B54 /* NPC */,
				4EEF6B6A28BD273B00610B54 /* Products */,
			);
			sourceTree = "<group>";
		};
		4EEF6B6A28BD273B00610B54 /* Products */ = {
			isa = PBXGroup;
			children = (
				4EEF6B6928BD273B00610B54 /* NPC.app */,
			);
			name = Products;
			sourceTree = "<group>";
		};
		4EEF6B6B28BD273B00610B54 /* NPC */ = {
			isa = PBXGroup;
			children = (
				4EEF6B6C28BD273B00610B54 /* NPCApp.swift */,
				4EEF6B7028BD273C00610B54 /* Assets.xcassets */,
				4EEF6B7228BD273C00610B54 /* Preview Content */,
			);
			path = NPC;
			sourceTree = "<group>";
		};
		4EEF6B7228BD273C00610B54 /* Preview Content */ = {
			isa = PBXGroup;
			children = (
				4EEF6B7328BD273C00610B54 /* Preview Assets.xcassets */,
			);
			path = "Preview Content";
			sourceTree = "<group>";
		};
		4EEF6B8E28BD2D5900610B54 /* Models */ = {
			isa = PBXGroup;
			children = (
				4E6D454F28BF282E005B7DF0 /* Categories.swift */,
				4E6D455028BF282E005B7DF0 /* Podcasts.swift */,
				4E6D454E28BF282E005B7DF0 /* Users.swift */,
			);
			path = Models;
			sourceTree = "<group>";
		};
		4EEF6B8F28BD2D6300610B54 /* Components */ = {
			isa = PBXGroup;
			children = (
				BBCF9EFB28BF148D006BCA16 /* TopNavBar.swift */,
				4E6D456B28BF4F8E005B7DF0 /* ImagePicker.swift */,
			);
			path = Components;
			sourceTree = "<group>";
		};
		4EEF6B9028BD2D6E00610B54 /* Helpers */ = {
			isa = PBXGroup;
			children = (
				4E6D455628BF2842005B7DF0 /* PodcastViewModel.swift */,
				4E6D456728BF2D3E005B7DF0 /* UserViewModel.swift */,
			);
			path = Helpers;
			sourceTree = "<group>";
		};
		4EEF6B9128BD2D7800610B54 /* Constants */ = {
			isa = PBXGroup;
			children = (
				4E6D455428BF2838005B7DF0 /* Settings.swift */,
			);
			path = Constants;
			sourceTree = "<group>";
		};
		4EEF6B9228BD2D8D00610B54 /* Views */ = {
			isa = PBXGroup;
			children = (
				4E6D455828BF285D005B7DF0 /* ContentView.swift */,
				4E6D456928BF4973005B7DF0 /* SignUpView.swift */,
				09D6F4E428C0FDD900D056C2 /* LoginView.swift */,
				0931000A28C109EE007776F9 /* FirebaseManager.swift */,
			);
			path = Views;
			sourceTree = "<group>";
		};
		4EEF6B9328BD2DA200610B54 /* Sounds */ = {
			isa = PBXGroup;
			children = (
				4EEF6B9728BD2F8B00610B54 /* SoundControl.swift */,
			);
			path = Sounds;
			sourceTree = "<group>";
		};
		4EEF6B9428BD2DA900610B54 /* Fonts */ = {
			isa = PBXGroup;
			children = (
			);
			path = Fonts;
			sourceTree = "<group>";
		};
/* End PBXGroup section */

/* Begin PBXNativeTarget section */
		4EEF6B6828BD273B00610B54 /* NPC */ = {
			isa = PBXNativeTarget;
			buildConfigurationList = 4EEF6B7728BD273C00610B54 /* Build configuration list for PBXNativeTarget "NPC" */;
			buildPhases = (
				4EEF6B6528BD273B00610B54 /* Sources */,
				4EEF6B6628BD273B00610B54 /* Frameworks */,
				4EEF6B6728BD273B00610B54 /* Resources */,
				4EEF6B8D28BD2D0500610B54 /* SwiftLint */,
			);
			buildRules = (
			);
			dependencies = (
			);
			name = NPC;
			packageProductDependencies = (
			);
			productName = NPC;
			productReference = 4EEF6B6928BD273B00610B54 /* NPC.app */;
			productType = "com.apple.product-type.application";
		};
/* End PBXNativeTarget section */

/* Begin PBXProject section */
		4EEF6B6128BD273B00610B54 /* Project object */ = {
			isa = PBXProject;
			attributes = {
				BuildIndependentTargetsInParallel = 1;
				LastSwiftUpdateCheck = 1340;
				LastUpgradeCheck = 1340;
				TargetAttributes = {
					4EEF6B6828BD273B00610B54 = {
						CreatedOnToolsVersion = 13.4.1;
					};
				};
			};
			buildConfigurationList = 4EEF6B6428BD273B00610B54 /* Build configuration list for PBXProject "NPC" */;
			compatibilityVersion = "Xcode 13.0";
			developmentRegion = en;
			hasScannedForEncodings = 0;
			knownRegions = (
				en,
				Base,
			);
			mainGroup = 4EEF6B6028BD273B00610B54;
			packageReferences = (
				0931000928C10440007776F9 /* XCRemoteSwiftPackageReference "firebase-ios-sdk" */,
			);
			productRefGroup = 4EEF6B6A28BD273B00610B54 /* Products */;
			projectDirPath = "";
			projectRoot = "";
			targets = (
				4EEF6B6828BD273B00610B54 /* NPC */,
			);
		};
/* End PBXProject section */

/* Begin PBXResourcesBuildPhase section */
		4EEF6B6728BD273B00610B54 /* Resources */ = {
			isa = PBXResourcesBuildPhase;
			buildActionMask = 2147483647;
			files = (
				4EEF6B7428BD273C00610B54 /* Preview Assets.xcassets in Resources */,
				4EEF6B7128BD273C00610B54 /* Assets.xcassets in Resources */,
				4EEF6B8C28BD2BE000610B54 /* GoogleService-Info.plist in Resources */,
			);
			runOnlyForDeploymentPostprocessing = 0;
		};
/* End PBXResourcesBuildPhase section */

/* Begin PBXShellScriptBuildPhase section */
		4EEF6B8D28BD2D0500610B54 /* SwiftLint */ = {
			isa = PBXShellScriptBuildPhase;
			buildActionMask = 2147483647;
			files = (
			);
			inputFileListPaths = (
			);
			inputPaths = (
			);
			name = SwiftLint;
			outputFileListPaths = (
			);
			outputPaths = (
			);
			runOnlyForDeploymentPostprocessing = 0;
			shellPath = /bin/sh;
			shellScript = "export PATH=\"$PATH:/opt/homebrew/bin\"\nif which swiftlint > /dev/null; then\n  swiftlint\nelse\n  echo \"warning: SwiftLint not installed, download from https://github.com/realm/SwiftLint\"\nfi\n";
		};
/* End PBXShellScriptBuildPhase section */

/* Begin PBXSourcesBuildPhase section */
		4EEF6B6528BD273B00610B54 /* Sources */ = {
			isa = PBXSourcesBuildPhase;
			buildActionMask = 2147483647;
			files = (
				4E6D455228BF282E005B7DF0 /* Categories.swift in Sources */,
				4E6D455328BF282E005B7DF0 /* Podcasts.swift in Sources */,
				0931000B28C109EE007776F9 /* FirebaseManager.swift in Sources */,
				4EEF6B6D28BD273B00610B54 /* NPCApp.swift in Sources */,
				4E6D456828BF2D3E005B7DF0 /* UserViewModel.swift in Sources */,
				BBCF9EFC28BF148D006BCA16 /* TopNavBar.swift in Sources */,
				4E6D456A28BF4973005B7DF0 /* SignUpView.swift in Sources */,
				4E6D455728BF2842005B7DF0 /* PodcastViewModel.swift in Sources */,
				4E6D455928BF285D005B7DF0 /* ContentView.swift in Sources */,
				4E6D455528BF2838005B7DF0 /* Settings.swift in Sources */,
				4E6D456C28BF4F8E005B7DF0 /* ImagePicker.swift in Sources */,
				09D6F4E528C0FDD900D056C2 /* LoginView.swift in Sources */,
				4E6D455128BF282E005B7DF0 /* Users.swift in Sources */,
				4EEF6B9828BD2F8B00610B54 /* SoundControl.swift in Sources */,
			);
			runOnlyForDeploymentPostprocessing = 0;
		};
/* End PBXSourcesBuildPhase section */

/* Begin XCBuildConfiguration section */
		4EEF6B7528BD273C00610B54 /* Debug */ = {
			isa = XCBuildConfiguration;
			buildSettings = {
				ALWAYS_SEARCH_USER_PATHS = NO;
				CLANG_ANALYZER_NONNULL = YES;
				CLANG_ANALYZER_NUMBER_OBJECT_CONVERSION = YES_AGGRESSIVE;
				CLANG_CXX_LANGUAGE_STANDARD = "gnu++17";
				CLANG_ENABLE_MODULES = YES;
				CLANG_ENABLE_OBJC_ARC = YES;
				CLANG_ENABLE_OBJC_WEAK = YES;
				CLANG_WARN_BLOCK_CAPTURE_AUTORELEASING = YES;
				CLANG_WARN_BOOL_CONVERSION = YES;
				CLANG_WARN_COMMA = YES;
				CLANG_WARN_CONSTANT_CONVERSION = YES;
				CLANG_WARN_DEPRECATED_OBJC_IMPLEMENTATIONS = YES;
				CLANG_WARN_DIRECT_OBJC_ISA_USAGE = YES_ERROR;
				CLANG_WARN_DOCUMENTATION_COMMENTS = YES;
				CLANG_WARN_EMPTY_BODY = YES;
				CLANG_WARN_ENUM_CONVERSION = YES;
				CLANG_WARN_INFINITE_RECURSION = YES;
				CLANG_WARN_INT_CONVERSION = YES;
				CLANG_WARN_NON_LITERAL_NULL_CONVERSION = YES;
				CLANG_WARN_OBJC_IMPLICIT_RETAIN_SELF = YES;
				CLANG_WARN_OBJC_LITERAL_CONVERSION = YES;
				CLANG_WARN_OBJC_ROOT_CLASS = YES_ERROR;
				CLANG_WARN_QUOTED_INCLUDE_IN_FRAMEWORK_HEADER = YES;
				CLANG_WARN_RANGE_LOOP_ANALYSIS = YES;
				CLANG_WARN_STRICT_PROTOTYPES = YES;
				CLANG_WARN_SUSPICIOUS_MOVE = YES;
				CLANG_WARN_UNGUARDED_AVAILABILITY = YES_AGGRESSIVE;
				CLANG_WARN_UNREACHABLE_CODE = YES;
				CLANG_WARN__DUPLICATE_METHOD_MATCH = YES;
				COPY_PHASE_STRIP = NO;
				DEBUG_INFORMATION_FORMAT = dwarf;
				ENABLE_STRICT_OBJC_MSGSEND = YES;
				ENABLE_TESTABILITY = YES;
				GCC_C_LANGUAGE_STANDARD = gnu11;
				GCC_DYNAMIC_NO_PIC = NO;
				GCC_NO_COMMON_BLOCKS = YES;
				GCC_OPTIMIZATION_LEVEL = 0;
				GCC_PREPROCESSOR_DEFINITIONS = (
					"DEBUG=1",
					"$(inherited)",
				);
				GCC_WARN_64_TO_32_BIT_CONVERSION = YES;
				GCC_WARN_ABOUT_RETURN_TYPE = YES_ERROR;
				GCC_WARN_UNDECLARED_SELECTOR = YES;
				GCC_WARN_UNINITIALIZED_AUTOS = YES_AGGRESSIVE;
				GCC_WARN_UNUSED_FUNCTION = YES;
				GCC_WARN_UNUSED_VARIABLE = YES;
				IPHONEOS_DEPLOYMENT_TARGET = 15.5;
				MTL_ENABLE_DEBUG_INFO = INCLUDE_SOURCE;
				MTL_FAST_MATH = YES;
				ONLY_ACTIVE_ARCH = YES;
				SDKROOT = iphoneos;
				SWIFT_ACTIVE_COMPILATION_CONDITIONS = DEBUG;
				SWIFT_OPTIMIZATION_LEVEL = "-Onone";
			};
			name = Debug;
		};
		4EEF6B7628BD273C00610B54 /* Release */ = {
			isa = XCBuildConfiguration;
			buildSettings = {
				ALWAYS_SEARCH_USER_PATHS = NO;
				CLANG_ANALYZER_NONNULL = YES;
				CLANG_ANALYZER_NUMBER_OBJECT_CONVERSION = YES_AGGRESSIVE;
				CLANG_CXX_LANGUAGE_STANDARD = "gnu++17";
				CLANG_ENABLE_MODULES = YES;
				CLANG_ENABLE_OBJC_ARC = YES;
				CLANG_ENABLE_OBJC_WEAK = YES;
				CLANG_WARN_BLOCK_CAPTURE_AUTORELEASING = YES;
				CLANG_WARN_BOOL_CONVERSION = YES;
				CLANG_WARN_COMMA = YES;
				CLANG_WARN_CONSTANT_CONVERSION = YES;
				CLANG_WARN_DEPRECATED_OBJC_IMPLEMENTATIONS = YES;
				CLANG_WARN_DIRECT_OBJC_ISA_USAGE = YES_ERROR;
				CLANG_WARN_DOCUMENTATION_COMMENTS = YES;
				CLANG_WARN_EMPTY_BODY = YES;
				CLANG_WARN_ENUM_CONVERSION = YES;
				CLANG_WARN_INFINITE_RECURSION = YES;
				CLANG_WARN_INT_CONVERSION = YES;
				CLANG_WARN_NON_LITERAL_NULL_CONVERSION = YES;
				CLANG_WARN_OBJC_IMPLICIT_RETAIN_SELF = YES;
				CLANG_WARN_OBJC_LITERAL_CONVERSION = YES;
				CLANG_WARN_OBJC_ROOT_CLASS = YES_ERROR;
				CLANG_WARN_QUOTED_INCLUDE_IN_FRAMEWORK_HEADER = YES;
				CLANG_WARN_RANGE_LOOP_ANALYSIS = YES;
				CLANG_WARN_STRICT_PROTOTYPES = YES;
				CLANG_WARN_SUSPICIOUS_MOVE = YES;
				CLANG_WARN_UNGUARDED_AVAILABILITY = YES_AGGRESSIVE;
				CLANG_WARN_UNREACHABLE_CODE = YES;
				CLANG_WARN__DUPLICATE_METHOD_MATCH = YES;
				COPY_PHASE_STRIP = NO;
				DEBUG_INFORMATION_FORMAT = "dwarf-with-dsym";
				ENABLE_NS_ASSERTIONS = NO;
				ENABLE_STRICT_OBJC_MSGSEND = YES;
				GCC_C_LANGUAGE_STANDARD = gnu11;
				GCC_NO_COMMON_BLOCKS = YES;
				GCC_WARN_64_TO_32_BIT_CONVERSION = YES;
				GCC_WARN_ABOUT_RETURN_TYPE = YES_ERROR;
				GCC_WARN_UNDECLARED_SELECTOR = YES;
				GCC_WARN_UNINITIALIZED_AUTOS = YES_AGGRESSIVE;
				GCC_WARN_UNUSED_FUNCTION = YES;
				GCC_WARN_UNUSED_VARIABLE = YES;
				IPHONEOS_DEPLOYMENT_TARGET = 15.5;
				MTL_ENABLE_DEBUG_INFO = NO;
				MTL_FAST_MATH = YES;
				SDKROOT = iphoneos;
				SWIFT_COMPILATION_MODE = wholemodule;
				SWIFT_OPTIMIZATION_LEVEL = "-O";
				VALIDATE_PRODUCT = YES;
			};
			name = Release;
		};
		4EEF6B7828BD273C00610B54 /* Debug */ = {
			isa = XCBuildConfiguration;
			buildSettings = {
				ASSETCATALOG_COMPILER_APPICON_NAME = AppIcon;
				ASSETCATALOG_COMPILER_GLOBAL_ACCENT_COLOR_NAME = AccentColor;
				CODE_SIGN_STYLE = Automatic;
				CURRENT_PROJECT_VERSION = 1;
				DEVELOPMENT_ASSET_PATHS = "\"NPC/Preview Content\"";
				DEVELOPMENT_TEAM = M4QH79V24B;
				ENABLE_PREVIEWS = YES;
				GENERATE_INFOPLIST_FILE = YES;
				INFOPLIST_KEY_UIApplicationSceneManifest_Generation = YES;
				INFOPLIST_KEY_UIApplicationSupportsIndirectInputEvents = YES;
				INFOPLIST_KEY_UILaunchScreen_Generation = YES;
				INFOPLIST_KEY_UISupportedInterfaceOrientations_iPad = "UIInterfaceOrientationPortrait UIInterfaceOrientationPortraitUpsideDown UIInterfaceOrientationLandscapeLeft UIInterfaceOrientationLandscapeRight";
				INFOPLIST_KEY_UISupportedInterfaceOrientations_iPhone = "UIInterfaceOrientationPortrait UIInterfaceOrientationLandscapeLeft UIInterfaceOrientationLandscapeRight";
				LD_RUNPATH_SEARCH_PATHS = (
					"$(inherited)",
					"@executable_path/Frameworks",
				);
				MARKETING_VERSION = 1.0;
				PRODUCT_BUNDLE_IDENTIFIER = RMITUniversityVietnam.NPC;
				PRODUCT_NAME = "$(TARGET_NAME)";
				SWIFT_EMIT_LOC_STRINGS = YES;
				SWIFT_VERSION = 5.0;
				TARGETED_DEVICE_FAMILY = "1,2";
			};
			name = Debug;
		};
		4EEF6B7928BD273C00610B54 /* Release */ = {
			isa = XCBuildConfiguration;
			buildSettings = {
				ASSETCATALOG_COMPILER_APPICON_NAME = AppIcon;
				ASSETCATALOG_COMPILER_GLOBAL_ACCENT_COLOR_NAME = AccentColor;
				CODE_SIGN_STYLE = Automatic;
				CURRENT_PROJECT_VERSION = 1;
				DEVELOPMENT_ASSET_PATHS = "\"NPC/Preview Content\"";
				DEVELOPMENT_TEAM = 7RTY8D8R5Z;
				ENABLE_PREVIEWS = YES;
				GENERATE_INFOPLIST_FILE = YES;
				INFOPLIST_KEY_UIApplicationSceneManifest_Generation = YES;
				INFOPLIST_KEY_UIApplicationSupportsIndirectInputEvents = YES;
				INFOPLIST_KEY_UILaunchScreen_Generation = YES;
				INFOPLIST_KEY_UISupportedInterfaceOrientations_iPad = "UIInterfaceOrientationPortrait UIInterfaceOrientationPortraitUpsideDown UIInterfaceOrientationLandscapeLeft UIInterfaceOrientationLandscapeRight";
				INFOPLIST_KEY_UISupportedInterfaceOrientations_iPhone = "UIInterfaceOrientationPortrait UIInterfaceOrientationLandscapeLeft UIInterfaceOrientationLandscapeRight";
				LD_RUNPATH_SEARCH_PATHS = (
					"$(inherited)",
					"@executable_path/Frameworks",
				);
				MARKETING_VERSION = 1.0;
				PRODUCT_BUNDLE_IDENTIFIER = RMITUniversityVietnam.NPC;
				PRODUCT_NAME = "$(TARGET_NAME)";
				SWIFT_EMIT_LOC_STRINGS = YES;
				SWIFT_VERSION = 5.0;
				TARGETED_DEVICE_FAMILY = "1,2";
			};
			name = Release;
		};
/* End XCBuildConfiguration section */

/* Begin XCConfigurationList section */
		4EEF6B6428BD273B00610B54 /* Build configuration list for PBXProject "NPC" */ = {
			isa = XCConfigurationList;
			buildConfigurations = (
				4EEF6B7528BD273C00610B54 /* Debug */,
				4EEF6B7628BD273C00610B54 /* Release */,
			);
			defaultConfigurationIsVisible = 0;
			defaultConfigurationName = Release;
		};
		4EEF6B7728BD273C00610B54 /* Build configuration list for PBXNativeTarget "NPC" */ = {
			isa = XCConfigurationList;
			buildConfigurations = (
				4EEF6B7828BD273C00610B54 /* Debug */,
				4EEF6B7928BD273C00610B54 /* Release */,
			);
			defaultConfigurationIsVisible = 0;
			defaultConfigurationName = Release;
		};
/* End XCConfigurationList section */

/* Begin XCRemoteSwiftPackageReference section */
		0931000928C10440007776F9 /* XCRemoteSwiftPackageReference "firebase-ios-sdk" */ = {
			isa = XCRemoteSwiftPackageReference;
			repositoryURL = "https://github.com/firebase/firebase-ios-sdk.git";
			requirement = {
				kind = upToNextMajorVersion;
				minimumVersion = 9.0.0;
			};
		};
/* End XCRemoteSwiftPackageReference section */
	};
	rootObject = 4EEF6B6128BD273B00610B54 /* Project object */;
}
