// !$*UTF8*$!
{
	archiveVersion = 1;
	classes = {
	};
	objectVersion = 55;
	objects = {

/* Begin PBXBuildFile section */
		0931000B28C109EE007776F9 /* FirebaseManager.swift in Sources */ = {isa = PBXBuildFile; fileRef = 0931000A28C109EE007776F9 /* FirebaseManager.swift */; };
		09D6F4E528C0FDD900D056C2 /* LoginView.swift in Sources */ = {isa = PBXBuildFile; fileRef = 09D6F4E428C0FDD900D056C2 /* LoginView.swift */; };
		4E26036E28CCFEB000DC739B /* DisableTextComponent.swift in Sources */ = {isa = PBXBuildFile; fileRef = 4E26036D28CCFEB000DC739B /* DisableTextComponent.swift */; };
		4E26037328CD970200DC739B /* FirebaseAnalytics in Frameworks */ = {isa = PBXBuildFile; productRef = 4E26037228CD970200DC739B /* FirebaseAnalytics */; };
		4E26037528CD970200DC739B /* FirebaseAuth in Frameworks */ = {isa = PBXBuildFile; productRef = 4E26037428CD970200DC739B /* FirebaseAuth */; };
		4E26037728CD970200DC739B /* FirebaseFirestore in Frameworks */ = {isa = PBXBuildFile; productRef = 4E26037628CD970200DC739B /* FirebaseFirestore */; };
		4E26037928CD970200DC739B /* FirebaseFirestoreSwift in Frameworks */ = {isa = PBXBuildFile; productRef = 4E26037828CD970200DC739B /* FirebaseFirestoreSwift */; };
		4E26037B28CD970200DC739B /* FirebaseMessaging in Frameworks */ = {isa = PBXBuildFile; productRef = 4E26037A28CD970200DC739B /* FirebaseMessaging */; };
		4E26037D28CD970200DC739B /* FirebaseStorage in Frameworks */ = {isa = PBXBuildFile; productRef = 4E26037C28CD970200DC739B /* FirebaseStorage */; };
		4E26037F28CE315D00DC739B /* TextBindingManager.swift in Sources */ = {isa = PBXBuildFile; fileRef = 4E26037E28CE315D00DC739B /* TextBindingManager.swift */; };
		4E26038328CE639D00DC739B /* RecordingPlayerBtn.swift in Sources */ = {isa = PBXBuildFile; fileRef = 4E26038228CE639D00DC739B /* RecordingPlayerBtn.swift */; };
		4E26038528CEFD3200DC739B /* TabBarView.swift in Sources */ = {isa = PBXBuildFile; fileRef = 4E26038428CEFD3200DC739B /* TabBarView.swift */; };
		4E26038728CEFD7800DC739B /* TabBarItem.swift in Sources */ = {isa = PBXBuildFile; fileRef = 4E26038628CEFD7800DC739B /* TabBarItem.swift */; };
		4E26038928CEFDDD00DC739B /* ActivityViewItem.swift in Sources */ = {isa = PBXBuildFile; fileRef = 4E26038828CEFDDD00DC739B /* ActivityViewItem.swift */; };
		4E26038B28CF014B00DC739B /* EmptyListView.swift in Sources */ = {isa = PBXBuildFile; fileRef = 4E26038A28CF014B00DC739B /* EmptyListView.swift */; };
		4E26038E28CF284900DC739B /* PopupView in Frameworks */ = {isa = PBXBuildFile; productRef = 4E26038D28CF284900DC739B /* PopupView */; };
		4E26039428D0498600DC739B /* UserCastingView.swift in Sources */ = {isa = PBXBuildFile; fileRef = 4E26039328D0498600DC739B /* UserCastingView.swift */; };
		4E26039628D05D3A00DC739B /* PodcastDetailView.swift in Sources */ = {isa = PBXBuildFile; fileRef = 4E26039528D05D3A00DC739B /* PodcastDetailView.swift */; };
		4E26039828D07F4800DC739B /* MiniPlayer.swift in Sources */ = {isa = PBXBuildFile; fileRef = 4E26039728D07F4800DC739B /* MiniPlayer.swift */; };
		4E26039A28D0F23D00DC739B /* CommunityStreamView.swift in Sources */ = {isa = PBXBuildFile; fileRef = 4E26039928D0F23D00DC739B /* CommunityStreamView.swift */; };
		4E2603A028D1D35900DC739B /* CommentView.swift in Sources */ = {isa = PBXBuildFile; fileRef = 4E26039F28D1D35900DC739B /* CommentView.swift */; };
		4E2603A228D1D37D00DC739B /* CommentItem.swift in Sources */ = {isa = PBXBuildFile; fileRef = 4E2603A128D1D37D00DC739B /* CommentItem.swift */; };
		4E2603A428D319E100DC739B /* NotificationManager.swift in Sources */ = {isa = PBXBuildFile; fileRef = 4E2603A328D319E100DC739B /* NotificationManager.swift */; };
		4E6D455128BF282E005B7DF0 /* Users.swift in Sources */ = {isa = PBXBuildFile; fileRef = 4E6D454E28BF282E005B7DF0 /* Users.swift */; };
		4E6D455228BF282E005B7DF0 /* Categories.swift in Sources */ = {isa = PBXBuildFile; fileRef = 4E6D454F28BF282E005B7DF0 /* Categories.swift */; };
		4E6D455328BF282E005B7DF0 /* Podcasts.swift in Sources */ = {isa = PBXBuildFile; fileRef = 4E6D455028BF282E005B7DF0 /* Podcasts.swift */; };
		4E6D455528BF2838005B7DF0 /* Settings.swift in Sources */ = {isa = PBXBuildFile; fileRef = 4E6D455428BF2838005B7DF0 /* Settings.swift */; };
		4E6D455728BF2842005B7DF0 /* PodcastViewModel.swift in Sources */ = {isa = PBXBuildFile; fileRef = 4E6D455628BF2842005B7DF0 /* PodcastViewModel.swift */; };
		4E6D455928BF285D005B7DF0 /* ContentView.swift in Sources */ = {isa = PBXBuildFile; fileRef = 4E6D455828BF285D005B7DF0 /* ContentView.swift */; };
		4E6D456828BF2D3E005B7DF0 /* UserViewModel.swift in Sources */ = {isa = PBXBuildFile; fileRef = 4E6D456728BF2D3E005B7DF0 /* UserViewModel.swift */; };
		4E6D456C28BF4F8E005B7DF0 /* ImagePicker.swift in Sources */ = {isa = PBXBuildFile; fileRef = 4E6D456B28BF4F8E005B7DF0 /* ImagePicker.swift */; };
		4E6D457E28C1195D005B7DF0 /* UserSettings.swift in Sources */ = {isa = PBXBuildFile; fileRef = 4E6D457D28C1195D005B7DF0 /* UserSettings.swift */; };
		4E6D458028C11AB5005B7DF0 /* WelcomeView.swift in Sources */ = {isa = PBXBuildFile; fileRef = 4E6D457F28C11AB5005B7DF0 /* WelcomeView.swift */; };
		4E6D458328C14531005B7DF0 /* UploadView.swift in Sources */ = {isa = PBXBuildFile; fileRef = 4E6D458228C14531005B7DF0 /* UploadView.swift */; };
		4E6D458528C16707005B7DF0 /* Uploads.swift in Sources */ = {isa = PBXBuildFile; fileRef = 4E6D458428C16707005B7DF0 /* Uploads.swift */; };
		4E6D45A428C21FC3005B7DF0 /* ProfileView.swift in Sources */ = {isa = PBXBuildFile; fileRef = 4E6D45A328C21FC3005B7DF0 /* ProfileView.swift */; };
		4E98FDD428C56653006D2566 /* SoundControl.swift in Sources */ = {isa = PBXBuildFile; fileRef = 4E98FDD328C56653006D2566 /* SoundControl.swift */; };
		4E98FDD828C5C18D006D2566 /* ViewComponent.swift in Sources */ = {isa = PBXBuildFile; fileRef = 4E98FDD728C5C18D006D2566 /* ViewComponent.swift */; };
		4E98FDDA28C87C54006D2566 /* UploadViewModel.swift in Sources */ = {isa = PBXBuildFile; fileRef = 4E98FDD928C87C54006D2566 /* UploadViewModel.swift */; };
		4E98FDDC28C930CE006D2566 /* LoadingEpisodeRows.swift in Sources */ = {isa = PBXBuildFile; fileRef = 4E98FDDB28C930CD006D2566 /* LoadingEpisodeRows.swift */; };
		4E98FDDE28CB3725006D2566 /* CategoryCheckbox.swift in Sources */ = {isa = PBXBuildFile; fileRef = 4E98FDDD28CB3725006D2566 /* CategoryCheckbox.swift */; };
		4EEF6B6D28BD273B00610B54 /* NPCApp.swift in Sources */ = {isa = PBXBuildFile; fileRef = 4EEF6B6C28BD273B00610B54 /* NPCApp.swift */; };
		4EEF6B7128BD273C00610B54 /* Assets.xcassets in Resources */ = {isa = PBXBuildFile; fileRef = 4EEF6B7028BD273C00610B54 /* Assets.xcassets */; };
		4EEF6B7428BD273C00610B54 /* Preview Assets.xcassets in Resources */ = {isa = PBXBuildFile; fileRef = 4EEF6B7328BD273C00610B54 /* Preview Assets.xcassets */; };
		4EEF6B8C28BD2BE000610B54 /* GoogleService-Info.plist in Resources */ = {isa = PBXBuildFile; fileRef = 4EEF6B8B28BD2BE000610B54 /* GoogleService-Info.plist */; };
		4EEF6B9828BD2F8B00610B54 /* UploadControl.swift in Sources */ = {isa = PBXBuildFile; fileRef = 4EEF6B9728BD2F8B00610B54 /* UploadControl.swift */; };
		A457B43C28C1F44E007AE794 /* FieldComponent.swift in Sources */ = {isa = PBXBuildFile; fileRef = A457B43B28C1F44E007AE794 /* FieldComponent.swift */; };
		A457B44228C2019F007AE794 /* TransitionView.swift in Sources */ = {isa = PBXBuildFile; fileRef = A457B44128C2019F007AE794 /* TransitionView.swift */; };
		A477165728CC53BC00BCA3F8 /* AddBorder.swift in Sources */ = {isa = PBXBuildFile; fileRef = A477165628CC53BC00BCA3F8 /* AddBorder.swift */; };
		A477165928CC608F00BCA3F8 /* PrefTopComponent.swift in Sources */ = {isa = PBXBuildFile; fileRef = A477165828CC608F00BCA3F8 /* PrefTopComponent.swift */; };
		A477165B28CC611200BCA3F8 /* PrefCategoryComponent.swift in Sources */ = {isa = PBXBuildFile; fileRef = A477165A28CC611200BCA3F8 /* PrefCategoryComponent.swift */; };
		A477165D28CC63D000BCA3F8 /* ValidateEmail+Password.swift in Sources */ = {isa = PBXBuildFile; fileRef = A477165C28CC63D000BCA3F8 /* ValidateEmail+Password.swift */; };
		A477166028CC676A00BCA3F8 /* Controller.swift in Sources */ = {isa = PBXBuildFile; fileRef = A477165F28CC676A00BCA3F8 /* Controller.swift */; };
		A48BDAB128C1E81A0094FE8A /* ButtonComponent.swift in Sources */ = {isa = PBXBuildFile; fileRef = A48BDAB028C1E8190094FE8A /* ButtonComponent.swift */; };
		A48FECEB28CE44AA0018F177 /* Localizable.strings in Resources */ = {isa = PBXBuildFile; fileRef = A48FECED28CE44AA0018F177 /* Localizable.strings */; };
		A491745E28C5D99700443F0D /* SignUpView.swift in Sources */ = {isa = PBXBuildFile; fileRef = A491745D28C5D99700443F0D /* SignUpView.swift */; };
		A497D80528C1A84900D8A5CA /* TrendingView.swift in Sources */ = {isa = PBXBuildFile; fileRef = A497D80428C1A84900D8A5CA /* TrendingView.swift */; };
		A497D80728C1C08100D8A5CA /* CastingView.swift in Sources */ = {isa = PBXBuildFile; fileRef = A497D80628C1C08100D8A5CA /* CastingView.swift */; };
		A497D80B28C1C0C300D8A5CA /* ActivityView.swift in Sources */ = {isa = PBXBuildFile; fileRef = A497D80A28C1C0C300D8A5CA /* ActivityView.swift */; };
		A497D80F28C1C1F800D8A5CA /* EpisodeComponent.swift in Sources */ = {isa = PBXBuildFile; fileRef = A497D80E28C1C1F800D8A5CA /* EpisodeComponent.swift */; };
		A498E01628CF029F00098FBB /* RootView.swift in Sources */ = {isa = PBXBuildFile; fileRef = A498E01528CF029F00098FBB /* RootView.swift */; };
		A498E01828CF02CD00098FBB /* RouterView.swift in Sources */ = {isa = PBXBuildFile; fileRef = A498E01728CF02CD00098FBB /* RouterView.swift */; };
		A4A4F91A28D17B93000C2248 /* LocalNotificationManager.swift in Sources */ = {isa = PBXBuildFile; fileRef = A4A4F91928D17B93000C2248 /* LocalNotificationManager.swift */; };
		A4AFBB9028C1128300B87BC9 /* BottomNavBar.swift in Sources */ = {isa = PBXBuildFile; fileRef = A4AFBB8F28C1128200B87BC9 /* BottomNavBar.swift */; };
		A4CEE8EE28C8A28400054E14 /* EnviromentExtension.swift in Sources */ = {isa = PBXBuildFile; fileRef = A4CEE8ED28C8A28400054E14 /* EnviromentExtension.swift */; };
		A4F8235428C2FA50007856F2 /* PlayButton.swift in Sources */ = {isa = PBXBuildFile; fileRef = A4F8235328C2FA50007856F2 /* PlayButton.swift */; };
		A4F8235628C30F47007856F2 /* PodcastComponent.swift in Sources */ = {isa = PBXBuildFile; fileRef = A4F8235528C30F47007856F2 /* PodcastComponent.swift */; };
		A4FBD12828C781CF00F6E3EB /* CheckboxToggleStyle.swift in Sources */ = {isa = PBXBuildFile; fileRef = A4FBD12728C781CE00F6E3EB /* CheckboxToggleStyle.swift */; };
		A4FBD12A28C795AE00F6E3EB /* ButtonStyle.swift in Sources */ = {isa = PBXBuildFile; fileRef = A4FBD12928C795AE00F6E3EB /* ButtonStyle.swift */; };
		BB66E62B28D321BD000E0BDC /* TimerForCastingView.swift in Sources */ = {isa = PBXBuildFile; fileRef = BB66E62A28D321BD000E0BDC /* TimerForCastingView.swift */; };
		BB66E62D28D331F6000E0BDC /* MiddleComponent.swift in Sources */ = {isa = PBXBuildFile; fileRef = BB66E62C28D331F6000E0BDC /* MiddleComponent.swift */; };
		BB99BBCD28CDA10F00D80BF6 /* StreamingView.swift in Sources */ = {isa = PBXBuildFile; fileRef = BB99BBCC28CDA10F00D80BF6 /* StreamingView.swift */; };
		BB99BBCF28CDA2D200D80BF6 /* ToastPopUp.swift in Sources */ = {isa = PBXBuildFile; fileRef = BB99BBCE28CDA2D200D80BF6 /* ToastPopUp.swift */; };
		BB99BBD728CDAA4300D80BF6 /* SimpleToast in Frameworks */ = {isa = PBXBuildFile; productRef = BB99BBD628CDAA4300D80BF6 /* SimpleToast */; };
		BB99BBD928CDDB7900D80BF6 /* StreamingPage.swift in Sources */ = {isa = PBXBuildFile; fileRef = BB99BBD828CDDB7900D80BF6 /* StreamingPage.swift */; };
		BBCF9EFC28BF148D006BCA16 /* TopNavBar.swift in Sources */ = {isa = PBXBuildFile; fileRef = BBCF9EFB28BF148D006BCA16 /* TopNavBar.swift */; };
/* End PBXBuildFile section */

/* Begin PBXFileReference section */
		0931000A28C109EE007776F9 /* FirebaseManager.swift */ = {isa = PBXFileReference; lastKnownFileType = sourcecode.swift; path = FirebaseManager.swift; sourceTree = "<group>"; };
		09D6F4E428C0FDD900D056C2 /* LoginView.swift */ = {isa = PBXFileReference; lastKnownFileType = sourcecode.swift; path = LoginView.swift; sourceTree = "<group>"; };
		4E26036D28CCFEB000DC739B /* DisableTextComponent.swift */ = {isa = PBXFileReference; lastKnownFileType = sourcecode.swift; path = DisableTextComponent.swift; sourceTree = "<group>"; };
		4E26037E28CE315D00DC739B /* TextBindingManager.swift */ = {isa = PBXFileReference; lastKnownFileType = sourcecode.swift; path = TextBindingManager.swift; sourceTree = "<group>"; };
		4E26038228CE639D00DC739B /* RecordingPlayerBtn.swift */ = {isa = PBXFileReference; lastKnownFileType = sourcecode.swift; path = RecordingPlayerBtn.swift; sourceTree = "<group>"; };
		4E26038428CEFD3200DC739B /* TabBarView.swift */ = {isa = PBXFileReference; lastKnownFileType = sourcecode.swift; path = TabBarView.swift; sourceTree = "<group>"; };
		4E26038628CEFD7800DC739B /* TabBarItem.swift */ = {isa = PBXFileReference; lastKnownFileType = sourcecode.swift; path = TabBarItem.swift; sourceTree = "<group>"; };
		4E26038828CEFDDD00DC739B /* ActivityViewItem.swift */ = {isa = PBXFileReference; lastKnownFileType = sourcecode.swift; path = ActivityViewItem.swift; sourceTree = "<group>"; };
		4E26038A28CF014B00DC739B /* EmptyListView.swift */ = {isa = PBXFileReference; lastKnownFileType = sourcecode.swift; path = EmptyListView.swift; sourceTree = "<group>"; };
		4E26039328D0498600DC739B /* UserCastingView.swift */ = {isa = PBXFileReference; lastKnownFileType = sourcecode.swift; path = UserCastingView.swift; sourceTree = "<group>"; };
		4E26039528D05D3A00DC739B /* PodcastDetailView.swift */ = {isa = PBXFileReference; lastKnownFileType = sourcecode.swift; path = PodcastDetailView.swift; sourceTree = "<group>"; };
		4E26039728D07F4800DC739B /* MiniPlayer.swift */ = {isa = PBXFileReference; lastKnownFileType = sourcecode.swift; path = MiniPlayer.swift; sourceTree = "<group>"; };
		4E26039928D0F23D00DC739B /* CommunityStreamView.swift */ = {isa = PBXFileReference; lastKnownFileType = sourcecode.swift; path = CommunityStreamView.swift; sourceTree = "<group>"; };
		4E26039F28D1D35900DC739B /* CommentView.swift */ = {isa = PBXFileReference; lastKnownFileType = sourcecode.swift; path = CommentView.swift; sourceTree = "<group>"; };
		4E2603A128D1D37D00DC739B /* CommentItem.swift */ = {isa = PBXFileReference; lastKnownFileType = sourcecode.swift; path = CommentItem.swift; sourceTree = "<group>"; };
		4E2603A328D319E100DC739B /* NotificationManager.swift */ = {isa = PBXFileReference; lastKnownFileType = sourcecode.swift; path = NotificationManager.swift; sourceTree = "<group>"; };
		4E6D454E28BF282E005B7DF0 /* Users.swift */ = {isa = PBXFileReference; fileEncoding = 4; lastKnownFileType = sourcecode.swift; path = Users.swift; sourceTree = "<group>"; };
		4E6D454F28BF282E005B7DF0 /* Categories.swift */ = {isa = PBXFileReference; fileEncoding = 4; lastKnownFileType = sourcecode.swift; path = Categories.swift; sourceTree = "<group>"; };
		4E6D455028BF282E005B7DF0 /* Podcasts.swift */ = {isa = PBXFileReference; fileEncoding = 4; lastKnownFileType = sourcecode.swift; path = Podcasts.swift; sourceTree = "<group>"; };
		4E6D455428BF2838005B7DF0 /* Settings.swift */ = {isa = PBXFileReference; fileEncoding = 4; lastKnownFileType = sourcecode.swift; path = Settings.swift; sourceTree = "<group>"; };
		4E6D455628BF2842005B7DF0 /* PodcastViewModel.swift */ = {isa = PBXFileReference; fileEncoding = 4; lastKnownFileType = sourcecode.swift; path = PodcastViewModel.swift; sourceTree = "<group>"; };
		4E6D455828BF285D005B7DF0 /* ContentView.swift */ = {isa = PBXFileReference; fileEncoding = 4; lastKnownFileType = sourcecode.swift; path = ContentView.swift; sourceTree = "<group>"; };
		4E6D456728BF2D3E005B7DF0 /* UserViewModel.swift */ = {isa = PBXFileReference; lastKnownFileType = sourcecode.swift; path = UserViewModel.swift; sourceTree = "<group>"; };
		4E6D456B28BF4F8E005B7DF0 /* ImagePicker.swift */ = {isa = PBXFileReference; lastKnownFileType = sourcecode.swift; path = ImagePicker.swift; sourceTree = "<group>"; };
		4E6D457D28C1195D005B7DF0 /* UserSettings.swift */ = {isa = PBXFileReference; lastKnownFileType = sourcecode.swift; path = UserSettings.swift; sourceTree = "<group>"; };
		4E6D457F28C11AB5005B7DF0 /* WelcomeView.swift */ = {isa = PBXFileReference; lastKnownFileType = sourcecode.swift; path = WelcomeView.swift; sourceTree = "<group>"; };
		4E6D458128C13248005B7DF0 /* Info.plist */ = {isa = PBXFileReference; lastKnownFileType = text.plist; path = Info.plist; sourceTree = "<group>"; };
		4E6D458228C14531005B7DF0 /* UploadView.swift */ = {isa = PBXFileReference; lastKnownFileType = sourcecode.swift; path = UploadView.swift; sourceTree = "<group>"; };
		4E6D458428C16707005B7DF0 /* Uploads.swift */ = {isa = PBXFileReference; lastKnownFileType = sourcecode.swift; path = Uploads.swift; sourceTree = "<group>"; };
		4E6D45A328C21FC3005B7DF0 /* ProfileView.swift */ = {isa = PBXFileReference; lastKnownFileType = sourcecode.swift; path = ProfileView.swift; sourceTree = "<group>"; };
		4E98FDD328C56653006D2566 /* SoundControl.swift */ = {isa = PBXFileReference; lastKnownFileType = sourcecode.swift; path = SoundControl.swift; sourceTree = "<group>"; };
		4E98FDD728C5C18D006D2566 /* ViewComponent.swift */ = {isa = PBXFileReference; lastKnownFileType = sourcecode.swift; path = ViewComponent.swift; sourceTree = "<group>"; };
		4E98FDD928C87C54006D2566 /* UploadViewModel.swift */ = {isa = PBXFileReference; lastKnownFileType = sourcecode.swift; path = UploadViewModel.swift; sourceTree = "<group>"; };
		4E98FDDB28C930CD006D2566 /* LoadingEpisodeRows.swift */ = {isa = PBXFileReference; lastKnownFileType = sourcecode.swift; path = LoadingEpisodeRows.swift; sourceTree = "<group>"; };
		4E98FDDD28CB3725006D2566 /* CategoryCheckbox.swift */ = {isa = PBXFileReference; lastKnownFileType = sourcecode.swift; path = CategoryCheckbox.swift; sourceTree = "<group>"; };
		4EEF6B6928BD273B00610B54 /* NPC.app */ = {isa = PBXFileReference; explicitFileType = wrapper.application; includeInIndex = 0; path = NPC.app; sourceTree = BUILT_PRODUCTS_DIR; };
		4EEF6B6C28BD273B00610B54 /* NPCApp.swift */ = {isa = PBXFileReference; lastKnownFileType = sourcecode.swift; path = NPCApp.swift; sourceTree = "<group>"; };
		4EEF6B7028BD273C00610B54 /* Assets.xcassets */ = {isa = PBXFileReference; lastKnownFileType = folder.assetcatalog; path = Assets.xcassets; sourceTree = "<group>"; };
		4EEF6B7328BD273C00610B54 /* Preview Assets.xcassets */ = {isa = PBXFileReference; lastKnownFileType = folder.assetcatalog; path = "Preview Assets.xcassets"; sourceTree = "<group>"; };
		4EEF6B8B28BD2BE000610B54 /* GoogleService-Info.plist */ = {isa = PBXFileReference; fileEncoding = 4; lastKnownFileType = text.plist.xml; path = "GoogleService-Info.plist"; sourceTree = "<group>"; };
		4EEF6B9728BD2F8B00610B54 /* UploadControl.swift */ = {isa = PBXFileReference; lastKnownFileType = sourcecode.swift; path = UploadControl.swift; sourceTree = "<group>"; };
		A457B43B28C1F44E007AE794 /* FieldComponent.swift */ = {isa = PBXFileReference; lastKnownFileType = sourcecode.swift; path = FieldComponent.swift; sourceTree = "<group>"; };
		A457B44128C2019F007AE794 /* TransitionView.swift */ = {isa = PBXFileReference; lastKnownFileType = sourcecode.swift; path = TransitionView.swift; sourceTree = "<group>"; };
		A477165628CC53BC00BCA3F8 /* AddBorder.swift */ = {isa = PBXFileReference; lastKnownFileType = sourcecode.swift; path = AddBorder.swift; sourceTree = "<group>"; };
		A477165828CC608F00BCA3F8 /* PrefTopComponent.swift */ = {isa = PBXFileReference; lastKnownFileType = sourcecode.swift; path = PrefTopComponent.swift; sourceTree = "<group>"; };
		A477165A28CC611200BCA3F8 /* PrefCategoryComponent.swift */ = {isa = PBXFileReference; lastKnownFileType = sourcecode.swift; path = PrefCategoryComponent.swift; sourceTree = "<group>"; };
		A477165C28CC63D000BCA3F8 /* ValidateEmail+Password.swift */ = {isa = PBXFileReference; lastKnownFileType = sourcecode.swift; path = "ValidateEmail+Password.swift"; sourceTree = "<group>"; };
		A477165F28CC676A00BCA3F8 /* Controller.swift */ = {isa = PBXFileReference; lastKnownFileType = sourcecode.swift; path = Controller.swift; sourceTree = "<group>"; };
		A48BDAB028C1E8190094FE8A /* ButtonComponent.swift */ = {isa = PBXFileReference; lastKnownFileType = sourcecode.swift; path = ButtonComponent.swift; sourceTree = "<group>"; };
		A48FECEC28CE44AA0018F177 /* en */ = {isa = PBXFileReference; lastKnownFileType = text.plist.strings; name = en; path = en.lproj/Localizable.strings; sourceTree = "<group>"; };
		A48FECEE28CE44AC0018F177 /* vi */ = {isa = PBXFileReference; lastKnownFileType = text.plist.strings; name = vi; path = vi.lproj/Localizable.strings; sourceTree = "<group>"; };
		A491745D28C5D99700443F0D /* SignUpView.swift */ = {isa = PBXFileReference; lastKnownFileType = sourcecode.swift; path = SignUpView.swift; sourceTree = "<group>"; };
		A497D80428C1A84900D8A5CA /* TrendingView.swift */ = {isa = PBXFileReference; lastKnownFileType = sourcecode.swift; path = TrendingView.swift; sourceTree = "<group>"; };
		A497D80628C1C08100D8A5CA /* CastingView.swift */ = {isa = PBXFileReference; lastKnownFileType = sourcecode.swift; path = CastingView.swift; sourceTree = "<group>"; };
		A497D80A28C1C0C300D8A5CA /* ActivityView.swift */ = {isa = PBXFileReference; lastKnownFileType = sourcecode.swift; path = ActivityView.swift; sourceTree = "<group>"; };
		A497D80E28C1C1F800D8A5CA /* EpisodeComponent.swift */ = {isa = PBXFileReference; lastKnownFileType = sourcecode.swift; path = EpisodeComponent.swift; sourceTree = "<group>"; };
		A498E01528CF029F00098FBB /* RootView.swift */ = {isa = PBXFileReference; lastKnownFileType = sourcecode.swift; path = RootView.swift; sourceTree = "<group>"; };
		A498E01728CF02CD00098FBB /* RouterView.swift */ = {isa = PBXFileReference; lastKnownFileType = sourcecode.swift; path = RouterView.swift; sourceTree = "<group>"; };
		A4A4F91728CF76C4000C2248 /* ko */ = {isa = PBXFileReference; lastKnownFileType = text.plist.strings; name = ko; path = ko.lproj/Localizable.strings; sourceTree = "<group>"; };
		A4A4F91828D0C721000C2248 /* NPC.entitlements */ = {isa = PBXFileReference; lastKnownFileType = text.plist.entitlements; path = NPC.entitlements; sourceTree = "<group>"; };
		A4A4F91928D17B93000C2248 /* LocalNotificationManager.swift */ = {isa = PBXFileReference; lastKnownFileType = sourcecode.swift; path = LocalNotificationManager.swift; sourceTree = "<group>"; };
		A4AFBB8F28C1128200B87BC9 /* BottomNavBar.swift */ = {isa = PBXFileReference; lastKnownFileType = sourcecode.swift; path = BottomNavBar.swift; sourceTree = "<group>"; };
		A4CEE8ED28C8A28400054E14 /* EnviromentExtension.swift */ = {isa = PBXFileReference; lastKnownFileType = sourcecode.swift; path = EnviromentExtension.swift; sourceTree = "<group>"; };
		A4F8235328C2FA50007856F2 /* PlayButton.swift */ = {isa = PBXFileReference; lastKnownFileType = sourcecode.swift; path = PlayButton.swift; sourceTree = "<group>"; };
		A4F8235528C30F47007856F2 /* PodcastComponent.swift */ = {isa = PBXFileReference; lastKnownFileType = sourcecode.swift; path = PodcastComponent.swift; sourceTree = "<group>"; };
		A4FBD12728C781CE00F6E3EB /* CheckboxToggleStyle.swift */ = {isa = PBXFileReference; lastKnownFileType = sourcecode.swift; path = CheckboxToggleStyle.swift; sourceTree = "<group>"; };
		A4FBD12928C795AE00F6E3EB /* ButtonStyle.swift */ = {isa = PBXFileReference; lastKnownFileType = sourcecode.swift; path = ButtonStyle.swift; sourceTree = "<group>"; };
		BB66E62A28D321BD000E0BDC /* TimerForCastingView.swift */ = {isa = PBXFileReference; lastKnownFileType = sourcecode.swift; path = TimerForCastingView.swift; sourceTree = "<group>"; };
		BB66E62C28D331F6000E0BDC /* MiddleComponent.swift */ = {isa = PBXFileReference; lastKnownFileType = sourcecode.swift; path = MiddleComponent.swift; sourceTree = "<group>"; };
		BB99BBCC28CDA10F00D80BF6 /* StreamingView.swift */ = {isa = PBXFileReference; lastKnownFileType = sourcecode.swift; path = StreamingView.swift; sourceTree = "<group>"; };
		BB99BBCE28CDA2D200D80BF6 /* ToastPopUp.swift */ = {isa = PBXFileReference; lastKnownFileType = sourcecode.swift; path = ToastPopUp.swift; sourceTree = "<group>"; };
		BB99BBD828CDDB7900D80BF6 /* StreamingPage.swift */ = {isa = PBXFileReference; lastKnownFileType = sourcecode.swift; path = StreamingPage.swift; sourceTree = "<group>"; };
		BBCF9EFB28BF148D006BCA16 /* TopNavBar.swift */ = {isa = PBXFileReference; lastKnownFileType = sourcecode.swift; path = TopNavBar.swift; sourceTree = "<group>"; };
/* End PBXFileReference section */

/* Begin PBXFrameworksBuildPhase section */
		4EEF6B6628BD273B00610B54 /* Frameworks */ = {
			isa = PBXFrameworksBuildPhase;
			buildActionMask = 2147483647;
			files = (
				4E26038E28CF284900DC739B /* PopupView in Frameworks */,
				4E26037B28CD970200DC739B /* FirebaseMessaging in Frameworks */,
				4E26037928CD970200DC739B /* FirebaseFirestoreSwift in Frameworks */,
				4E26037328CD970200DC739B /* FirebaseAnalytics in Frameworks */,
				4E26037728CD970200DC739B /* FirebaseFirestore in Frameworks */,
				4E26037D28CD970200DC739B /* FirebaseStorage in Frameworks */,
				BB99BBD728CDAA4300D80BF6 /* SimpleToast in Frameworks */,
				4E26037528CD970200DC739B /* FirebaseAuth in Frameworks */,
			);
			runOnlyForDeploymentPostprocessing = 0;
		};
/* End PBXFrameworksBuildPhase section */

/* Begin PBXGroup section */
		4EEF6B6028BD273B00610B54 = {
			isa = PBXGroup;
			children = (
				A48FECE828CE44870018F177 /* Localization */,
				A477165E28CC675A00BCA3F8 /* Controller */,
				4EEF6B8B28BD2BE000610B54 /* GoogleService-Info.plist */,
				4EEF6B9228BD2D8D00610B54 /* Views */,
				4EEF6B9128BD2D7800610B54 /* Constants */,
				4EEF6B9028BD2D6E00610B54 /* Helpers */,
				4EEF6B8F28BD2D6300610B54 /* Components */,
				4EEF6B8E28BD2D5900610B54 /* Models */,
				4EEF6B6B28BD273B00610B54 /* NPC */,
				4EEF6B6A28BD273B00610B54 /* Products */,
			);
			sourceTree = "<group>";
		};
		4EEF6B6A28BD273B00610B54 /* Products */ = {
			isa = PBXGroup;
			children = (
				4EEF6B6928BD273B00610B54 /* NPC.app */,
			);
			name = Products;
			sourceTree = "<group>";
		};
		4EEF6B6B28BD273B00610B54 /* NPC */ = {
			isa = PBXGroup;
			children = (
				A4A4F91828D0C721000C2248 /* NPC.entitlements */,
				4E6D458128C13248005B7DF0 /* Info.plist */,
				4EEF6B6C28BD273B00610B54 /* NPCApp.swift */,
				4EEF6B7028BD273C00610B54 /* Assets.xcassets */,
				4EEF6B7228BD273C00610B54 /* Preview Content */,
			);
			path = NPC;
			sourceTree = "<group>";
		};
		4EEF6B7228BD273C00610B54 /* Preview Content */ = {
			isa = PBXGroup;
			children = (
				4EEF6B7328BD273C00610B54 /* Preview Assets.xcassets */,
			);
			path = "Preview Content";
			sourceTree = "<group>";
		};
		4EEF6B8E28BD2D5900610B54 /* Models */ = {
			isa = PBXGroup;
			children = (
				4E6D454F28BF282E005B7DF0 /* Categories.swift */,
				4E6D455028BF282E005B7DF0 /* Podcasts.swift */,
				4E6D454E28BF282E005B7DF0 /* Users.swift */,
				4E6D458428C16707005B7DF0 /* Uploads.swift */,
			);
			path = Models;
			sourceTree = "<group>";
		};
		4EEF6B8F28BD2D6300610B54 /* Components */ = {
			isa = PBXGroup;
			children = (
				BB99BBCB28CD9E0700D80BF6 /* ToastPopUp */,
				BBCF9EFB28BF148D006BCA16 /* TopNavBar.swift */,
				4E6D456B28BF4F8E005B7DF0 /* ImagePicker.swift */,
				A4AFBB8F28C1128200B87BC9 /* BottomNavBar.swift */,
				A497D80E28C1C1F800D8A5CA /* EpisodeComponent.swift */,
				A48BDAB028C1E8190094FE8A /* ButtonComponent.swift */,
				A457B43B28C1F44E007AE794 /* FieldComponent.swift */,
				A4F8235328C2FA50007856F2 /* PlayButton.swift */,
				A4F8235528C30F47007856F2 /* PodcastComponent.swift */,
				4E98FDD728C5C18D006D2566 /* ViewComponent.swift */,
				A4FBD12728C781CE00F6E3EB /* CheckboxToggleStyle.swift */,
				A4FBD12928C795AE00F6E3EB /* ButtonStyle.swift */,
				A4CEE8ED28C8A28400054E14 /* EnviromentExtension.swift */,
				4E98FDDB28C930CD006D2566 /* LoadingEpisodeRows.swift */,
				A477165628CC53BC00BCA3F8 /* AddBorder.swift */,
				A477165828CC608F00BCA3F8 /* PrefTopComponent.swift */,
				A477165A28CC611200BCA3F8 /* PrefCategoryComponent.swift */,
				A477165C28CC63D000BCA3F8 /* ValidateEmail+Password.swift */,
				4E98FDDD28CB3725006D2566 /* CategoryCheckbox.swift */,
				4E26036D28CCFEB000DC739B /* DisableTextComponent.swift */,
				BB99BBD828CDDB7900D80BF6 /* StreamingPage.swift */,
				4E26038228CE639D00DC739B /* RecordingPlayerBtn.swift */,
				4E26038428CEFD3200DC739B /* TabBarView.swift */,
				4E26038628CEFD7800DC739B /* TabBarItem.swift */,
				4E26038828CEFDDD00DC739B /* ActivityViewItem.swift */,
				4E26038A28CF014B00DC739B /* EmptyListView.swift */,
				4E26039728D07F4800DC739B /* MiniPlayer.swift */,
				4E2603A128D1D37D00DC739B /* CommentItem.swift */,
				BB66E62C28D331F6000E0BDC /* MiddleComponent.swift */,
			);
			path = Components;
			sourceTree = "<group>";
		};
		4EEF6B9028BD2D6E00610B54 /* Helpers */ = {
			isa = PBXGroup;
			children = (
				4EEF6B9728BD2F8B00610B54 /* UploadControl.swift */,
				0931000A28C109EE007776F9 /* FirebaseManager.swift */,
				4E6D455628BF2842005B7DF0 /* PodcastViewModel.swift */,
				4E6D456728BF2D3E005B7DF0 /* UserViewModel.swift */,
				4E6D457D28C1195D005B7DF0 /* UserSettings.swift */,
				4E98FDD328C56653006D2566 /* SoundControl.swift */,
				4E98FDD928C87C54006D2566 /* UploadViewModel.swift */,
				4E26037E28CE315D00DC739B /* TextBindingManager.swift */,
				A4A4F91928D17B93000C2248 /* LocalNotificationManager.swift */,
<<<<<<< HEAD
				BB66E62A28D321BD000E0BDC /* TimerForCastingView.swift */,
=======
				4E2603A328D319E100DC739B /* NotificationManager.swift */,
>>>>>>> 6fe5c59 (feat: notification)
			);
			path = Helpers;
			sourceTree = "<group>";
		};
		4EEF6B9128BD2D7800610B54 /* Constants */ = {
			isa = PBXGroup;
			children = (
				4E6D455428BF2838005B7DF0 /* Settings.swift */,
			);
			path = Constants;
			sourceTree = "<group>";
		};
		4EEF6B9228BD2D8D00610B54 /* Views */ = {
			isa = PBXGroup;
			children = (
				4E6D455828BF285D005B7DF0 /* ContentView.swift */,
				A497D80428C1A84900D8A5CA /* TrendingView.swift */,
				A497D80628C1C08100D8A5CA /* CastingView.swift */,
				A497D80A28C1C0C300D8A5CA /* ActivityView.swift */,
				A457B44128C2019F007AE794 /* TransitionView.swift */,
				09D6F4E428C0FDD900D056C2 /* LoginView.swift */,
				4E6D457F28C11AB5005B7DF0 /* WelcomeView.swift */,
				4E6D458228C14531005B7DF0 /* UploadView.swift */,
				4E6D45A328C21FC3005B7DF0 /* ProfileView.swift */,
				A491745D28C5D99700443F0D /* SignUpView.swift */,
				BB99BBCC28CDA10F00D80BF6 /* StreamingView.swift */,
				A498E01528CF029F00098FBB /* RootView.swift */,
				A498E01728CF02CD00098FBB /* RouterView.swift */,
				4E26039328D0498600DC739B /* UserCastingView.swift */,
				4E26039528D05D3A00DC739B /* PodcastDetailView.swift */,
				4E26039928D0F23D00DC739B /* CommunityStreamView.swift */,
				4E26039F28D1D35900DC739B /* CommentView.swift */,
			);
			path = Views;
			sourceTree = "<group>";
		};
		A477165E28CC675A00BCA3F8 /* Controller */ = {
			isa = PBXGroup;
			children = (
				A477165F28CC676A00BCA3F8 /* Controller.swift */,
			);
			path = Controller;
			sourceTree = "<group>";
		};
		A48FECE828CE44870018F177 /* Localization */ = {
			isa = PBXGroup;
			children = (
				A48FECED28CE44AA0018F177 /* Localizable.strings */,
			);
			path = Localization;
			sourceTree = "<group>";
		};
		BB99BBCB28CD9E0700D80BF6 /* ToastPopUp */ = {
			isa = PBXGroup;
			children = (
				BB99BBCE28CDA2D200D80BF6 /* ToastPopUp.swift */,
			);
			path = ToastPopUp;
			sourceTree = "<group>";
		};
/* End PBXGroup section */

/* Begin PBXNativeTarget section */
		4EEF6B6828BD273B00610B54 /* NPC */ = {
			isa = PBXNativeTarget;
			buildConfigurationList = 4EEF6B7728BD273C00610B54 /* Build configuration list for PBXNativeTarget "NPC" */;
			buildPhases = (
				4EEF6B6528BD273B00610B54 /* Sources */,
				4EEF6B6628BD273B00610B54 /* Frameworks */,
				4EEF6B6728BD273B00610B54 /* Resources */,
				4EEF6B8D28BD2D0500610B54 /* SwiftLint */,
			);
			buildRules = (
			);
			dependencies = (
			);
			name = NPC;
			packageProductDependencies = (
				4E26037228CD970200DC739B /* FirebaseAnalytics */,
				4E26037428CD970200DC739B /* FirebaseAuth */,
				4E26037628CD970200DC739B /* FirebaseFirestore */,
				4E26037828CD970200DC739B /* FirebaseFirestoreSwift */,
				4E26037A28CD970200DC739B /* FirebaseMessaging */,
				4E26037C28CD970200DC739B /* FirebaseStorage */,
				BB99BBD628CDAA4300D80BF6 /* SimpleToast */,
				4E26038D28CF284900DC739B /* PopupView */,
			);
			productName = NPC;
			productReference = 4EEF6B6928BD273B00610B54 /* NPC.app */;
			productType = "com.apple.product-type.application";
		};
/* End PBXNativeTarget section */

/* Begin PBXProject section */
		4EEF6B6128BD273B00610B54 /* Project object */ = {
			isa = PBXProject;
			attributes = {
				BuildIndependentTargetsInParallel = 1;
				LastSwiftUpdateCheck = 1340;
				LastUpgradeCheck = 1340;
				TargetAttributes = {
					4EEF6B6828BD273B00610B54 = {
						CreatedOnToolsVersion = 13.4.1;
					};
				};
			};
			buildConfigurationList = 4EEF6B6428BD273B00610B54 /* Build configuration list for PBXProject "NPC" */;
			compatibilityVersion = "Xcode 13.0";
			developmentRegion = en;
			hasScannedForEncodings = 0;
			knownRegions = (
				en,
				Base,
				vi,
				ko,
			);
			mainGroup = 4EEF6B6028BD273B00610B54;
			packageReferences = (
				4E26037128CD970100DC739B /* XCRemoteSwiftPackageReference "firebase-ios-sdk" */,
				BB99BBD528CDAA4300D80BF6 /* XCRemoteSwiftPackageReference "SimpleToast" */,
				4E26038C28CF284900DC739B /* XCRemoteSwiftPackageReference "PopupView" */,
			);
			productRefGroup = 4EEF6B6A28BD273B00610B54 /* Products */;
			projectDirPath = "";
			projectRoot = "";
			targets = (
				4EEF6B6828BD273B00610B54 /* NPC */,
			);
		};
/* End PBXProject section */

/* Begin PBXResourcesBuildPhase section */
		4EEF6B6728BD273B00610B54 /* Resources */ = {
			isa = PBXResourcesBuildPhase;
			buildActionMask = 2147483647;
			files = (
				4EEF6B7428BD273C00610B54 /* Preview Assets.xcassets in Resources */,
				A48FECEB28CE44AA0018F177 /* Localizable.strings in Resources */,
				4EEF6B7128BD273C00610B54 /* Assets.xcassets in Resources */,
				4EEF6B8C28BD2BE000610B54 /* GoogleService-Info.plist in Resources */,
			);
			runOnlyForDeploymentPostprocessing = 0;
		};
/* End PBXResourcesBuildPhase section */

/* Begin PBXShellScriptBuildPhase section */
		4EEF6B8D28BD2D0500610B54 /* SwiftLint */ = {
			isa = PBXShellScriptBuildPhase;
			buildActionMask = 2147483647;
			files = (
			);
			inputFileListPaths = (
			);
			inputPaths = (
			);
			name = SwiftLint;
			outputFileListPaths = (
			);
			outputPaths = (
			);
			runOnlyForDeploymentPostprocessing = 0;
			shellPath = /bin/sh;
			shellScript = "export PATH=\"$PATH:/opt/homebrew/bin\"\nif which swiftlint > /dev/null; then\n  swiftlint\nelse\n  echo \"warning: SwiftLint not installed, download from https://github.com/realm/SwiftLint\"\nfi\n";
		};
/* End PBXShellScriptBuildPhase section */

/* Begin PBXSourcesBuildPhase section */
		4EEF6B6528BD273B00610B54 /* Sources */ = {
			isa = PBXSourcesBuildPhase;
			buildActionMask = 2147483647;
			files = (
				A4AFBB9028C1128300B87BC9 /* BottomNavBar.swift in Sources */,
				4E6D455228BF282E005B7DF0 /* Categories.swift in Sources */,
				A4F8235428C2FA50007856F2 /* PlayButton.swift in Sources */,
				A497D80F28C1C1F800D8A5CA /* EpisodeComponent.swift in Sources */,
				4E6D455328BF282E005B7DF0 /* Podcasts.swift in Sources */,
				A477166028CC676A00BCA3F8 /* Controller.swift in Sources */,
				A477165928CC608F00BCA3F8 /* PrefTopComponent.swift in Sources */,
				0931000B28C109EE007776F9 /* FirebaseManager.swift in Sources */,
				4E26038328CE639D00DC739B /* RecordingPlayerBtn.swift in Sources */,
				4E6D458028C11AB5005B7DF0 /* WelcomeView.swift in Sources */,
				A4CEE8EE28C8A28400054E14 /* EnviromentExtension.swift in Sources */,
				4E26038B28CF014B00DC739B /* EmptyListView.swift in Sources */,
				4EEF6B6D28BD273B00610B54 /* NPCApp.swift in Sources */,
				A477165D28CC63D000BCA3F8 /* ValidateEmail+Password.swift in Sources */,
				4E98FDD828C5C18D006D2566 /* ViewComponent.swift in Sources */,
				A4FBD12A28C795AE00F6E3EB /* ButtonStyle.swift in Sources */,
				4E26038928CEFDDD00DC739B /* ActivityViewItem.swift in Sources */,
				A497D80728C1C08100D8A5CA /* CastingView.swift in Sources */,
				4E2603A028D1D35900DC739B /* CommentView.swift in Sources */,
				4E98FDD428C56653006D2566 /* SoundControl.swift in Sources */,
				A498E01628CF029F00098FBB /* RootView.swift in Sources */,
				4E6D456828BF2D3E005B7DF0 /* UserViewModel.swift in Sources */,
				4E6D458528C16707005B7DF0 /* Uploads.swift in Sources */,
				BBCF9EFC28BF148D006BCA16 /* TopNavBar.swift in Sources */,
				4E26039828D07F4800DC739B /* MiniPlayer.swift in Sources */,
				A4FBD12828C781CF00F6E3EB /* CheckboxToggleStyle.swift in Sources */,
				A497D80528C1A84900D8A5CA /* TrendingView.swift in Sources */,
				A457B44228C2019F007AE794 /* TransitionView.swift in Sources */,
				A497D80B28C1C0C300D8A5CA /* ActivityView.swift in Sources */,
				4E6D45A428C21FC3005B7DF0 /* ProfileView.swift in Sources */,
				A477165728CC53BC00BCA3F8 /* AddBorder.swift in Sources */,
				4E26038528CEFD3200DC739B /* TabBarView.swift in Sources */,
				A48BDAB128C1E81A0094FE8A /* ButtonComponent.swift in Sources */,
				A457B43C28C1F44E007AE794 /* FieldComponent.swift in Sources */,
				4E6D455728BF2842005B7DF0 /* PodcastViewModel.swift in Sources */,
				BB66E62B28D321BD000E0BDC /* TimerForCastingView.swift in Sources */,
				BB99BBD928CDDB7900D80BF6 /* StreamingPage.swift in Sources */,
				4E26036E28CCFEB000DC739B /* DisableTextComponent.swift in Sources */,
				4E26039428D0498600DC739B /* UserCastingView.swift in Sources */,
				A491745E28C5D99700443F0D /* SignUpView.swift in Sources */,
				4E2603A428D319E100DC739B /* NotificationManager.swift in Sources */,
				4E6D455928BF285D005B7DF0 /* ContentView.swift in Sources */,
				A4A4F91A28D17B93000C2248 /* LocalNotificationManager.swift in Sources */,
				4E6D455528BF2838005B7DF0 /* Settings.swift in Sources */,
				4E26038728CEFD7800DC739B /* TabBarItem.swift in Sources */,
				A477165B28CC611200BCA3F8 /* PrefCategoryComponent.swift in Sources */,
				BB99BBCF28CDA2D200D80BF6 /* ToastPopUp.swift in Sources */,
				4E6D456C28BF4F8E005B7DF0 /* ImagePicker.swift in Sources */,
				BB99BBCD28CDA10F00D80BF6 /* StreamingView.swift in Sources */,
				4E2603A228D1D37D00DC739B /* CommentItem.swift in Sources */,
				4E98FDDE28CB3725006D2566 /* CategoryCheckbox.swift in Sources */,
				BB66E62D28D331F6000E0BDC /* MiddleComponent.swift in Sources */,
				09D6F4E528C0FDD900D056C2 /* LoginView.swift in Sources */,
				4E26039A28D0F23D00DC739B /* CommunityStreamView.swift in Sources */,
				4E26039628D05D3A00DC739B /* PodcastDetailView.swift in Sources */,
				4E98FDDA28C87C54006D2566 /* UploadViewModel.swift in Sources */,
				4E6D455128BF282E005B7DF0 /* Users.swift in Sources */,
				A498E01828CF02CD00098FBB /* RouterView.swift in Sources */,
				4E98FDDC28C930CE006D2566 /* LoadingEpisodeRows.swift in Sources */,
				4E6D458328C14531005B7DF0 /* UploadView.swift in Sources */,
				4E6D457E28C1195D005B7DF0 /* UserSettings.swift in Sources */,
				4EEF6B9828BD2F8B00610B54 /* UploadControl.swift in Sources */,
				A4F8235628C30F47007856F2 /* PodcastComponent.swift in Sources */,
				4E26037F28CE315D00DC739B /* TextBindingManager.swift in Sources */,
				A4F8235628C30F47007856F2 /* PodcastComponent.swift in Sources */,
			);
			runOnlyForDeploymentPostprocessing = 0;
		};
/* End PBXSourcesBuildPhase section */

/* Begin PBXVariantGroup section */
		A48FECED28CE44AA0018F177 /* Localizable.strings */ = {
			isa = PBXVariantGroup;
			children = (
				A48FECEC28CE44AA0018F177 /* en */,
				A48FECEE28CE44AC0018F177 /* vi */,
				A4A4F91728CF76C4000C2248 /* ko */,
			);
			name = Localizable.strings;
			sourceTree = "<group>";
		};
/* End PBXVariantGroup section */

/* Begin XCBuildConfiguration section */
		4EEF6B7528BD273C00610B54 /* Debug */ = {
			isa = XCBuildConfiguration;
			buildSettings = {
				ALWAYS_SEARCH_USER_PATHS = NO;
				CLANG_ANALYZER_NONNULL = YES;
				CLANG_ANALYZER_NUMBER_OBJECT_CONVERSION = YES_AGGRESSIVE;
				CLANG_CXX_LANGUAGE_STANDARD = "gnu++17";
				CLANG_ENABLE_MODULES = YES;
				CLANG_ENABLE_OBJC_ARC = YES;
				CLANG_ENABLE_OBJC_WEAK = YES;
				CLANG_WARN_BLOCK_CAPTURE_AUTORELEASING = YES;
				CLANG_WARN_BOOL_CONVERSION = YES;
				CLANG_WARN_COMMA = YES;
				CLANG_WARN_CONSTANT_CONVERSION = YES;
				CLANG_WARN_DEPRECATED_OBJC_IMPLEMENTATIONS = YES;
				CLANG_WARN_DIRECT_OBJC_ISA_USAGE = YES_ERROR;
				CLANG_WARN_DOCUMENTATION_COMMENTS = YES;
				CLANG_WARN_EMPTY_BODY = YES;
				CLANG_WARN_ENUM_CONVERSION = YES;
				CLANG_WARN_INFINITE_RECURSION = YES;
				CLANG_WARN_INT_CONVERSION = YES;
				CLANG_WARN_NON_LITERAL_NULL_CONVERSION = YES;
				CLANG_WARN_OBJC_IMPLICIT_RETAIN_SELF = YES;
				CLANG_WARN_OBJC_LITERAL_CONVERSION = YES;
				CLANG_WARN_OBJC_ROOT_CLASS = YES_ERROR;
				CLANG_WARN_QUOTED_INCLUDE_IN_FRAMEWORK_HEADER = YES;
				CLANG_WARN_RANGE_LOOP_ANALYSIS = YES;
				CLANG_WARN_STRICT_PROTOTYPES = YES;
				CLANG_WARN_SUSPICIOUS_MOVE = YES;
				CLANG_WARN_UNGUARDED_AVAILABILITY = YES_AGGRESSIVE;
				CLANG_WARN_UNREACHABLE_CODE = YES;
				CLANG_WARN__DUPLICATE_METHOD_MATCH = YES;
				COPY_PHASE_STRIP = NO;
				DEBUG_INFORMATION_FORMAT = dwarf;
				ENABLE_STRICT_OBJC_MSGSEND = YES;
				ENABLE_TESTABILITY = YES;
				GCC_C_LANGUAGE_STANDARD = gnu11;
				GCC_DYNAMIC_NO_PIC = NO;
				GCC_NO_COMMON_BLOCKS = YES;
				GCC_OPTIMIZATION_LEVEL = 0;
				GCC_PREPROCESSOR_DEFINITIONS = (
					"DEBUG=1",
					"$(inherited)",
				);
				GCC_WARN_64_TO_32_BIT_CONVERSION = YES;
				GCC_WARN_ABOUT_RETURN_TYPE = YES_ERROR;
				GCC_WARN_UNDECLARED_SELECTOR = YES;
				GCC_WARN_UNINITIALIZED_AUTOS = YES_AGGRESSIVE;
				GCC_WARN_UNUSED_FUNCTION = YES;
				GCC_WARN_UNUSED_VARIABLE = YES;
				IPHONEOS_DEPLOYMENT_TARGET = 15.5;
				MTL_ENABLE_DEBUG_INFO = INCLUDE_SOURCE;
				MTL_FAST_MATH = YES;
				ONLY_ACTIVE_ARCH = YES;
				SDKROOT = iphoneos;
				SWIFT_ACTIVE_COMPILATION_CONDITIONS = DEBUG;
				SWIFT_OPTIMIZATION_LEVEL = "-Onone";
			};
			name = Debug;
		};
		4EEF6B7628BD273C00610B54 /* Release */ = {
			isa = XCBuildConfiguration;
			buildSettings = {
				ALWAYS_SEARCH_USER_PATHS = NO;
				CLANG_ANALYZER_NONNULL = YES;
				CLANG_ANALYZER_NUMBER_OBJECT_CONVERSION = YES_AGGRESSIVE;
				CLANG_CXX_LANGUAGE_STANDARD = "gnu++17";
				CLANG_ENABLE_MODULES = YES;
				CLANG_ENABLE_OBJC_ARC = YES;
				CLANG_ENABLE_OBJC_WEAK = YES;
				CLANG_WARN_BLOCK_CAPTURE_AUTORELEASING = YES;
				CLANG_WARN_BOOL_CONVERSION = YES;
				CLANG_WARN_COMMA = YES;
				CLANG_WARN_CONSTANT_CONVERSION = YES;
				CLANG_WARN_DEPRECATED_OBJC_IMPLEMENTATIONS = YES;
				CLANG_WARN_DIRECT_OBJC_ISA_USAGE = YES_ERROR;
				CLANG_WARN_DOCUMENTATION_COMMENTS = YES;
				CLANG_WARN_EMPTY_BODY = YES;
				CLANG_WARN_ENUM_CONVERSION = YES;
				CLANG_WARN_INFINITE_RECURSION = YES;
				CLANG_WARN_INT_CONVERSION = YES;
				CLANG_WARN_NON_LITERAL_NULL_CONVERSION = YES;
				CLANG_WARN_OBJC_IMPLICIT_RETAIN_SELF = YES;
				CLANG_WARN_OBJC_LITERAL_CONVERSION = YES;
				CLANG_WARN_OBJC_ROOT_CLASS = YES_ERROR;
				CLANG_WARN_QUOTED_INCLUDE_IN_FRAMEWORK_HEADER = YES;
				CLANG_WARN_RANGE_LOOP_ANALYSIS = YES;
				CLANG_WARN_STRICT_PROTOTYPES = YES;
				CLANG_WARN_SUSPICIOUS_MOVE = YES;
				CLANG_WARN_UNGUARDED_AVAILABILITY = YES_AGGRESSIVE;
				CLANG_WARN_UNREACHABLE_CODE = YES;
				CLANG_WARN__DUPLICATE_METHOD_MATCH = YES;
				COPY_PHASE_STRIP = NO;
				DEBUG_INFORMATION_FORMAT = "dwarf-with-dsym";
				ENABLE_NS_ASSERTIONS = NO;
				ENABLE_STRICT_OBJC_MSGSEND = YES;
				GCC_C_LANGUAGE_STANDARD = gnu11;
				GCC_NO_COMMON_BLOCKS = YES;
				GCC_WARN_64_TO_32_BIT_CONVERSION = YES;
				GCC_WARN_ABOUT_RETURN_TYPE = YES_ERROR;
				GCC_WARN_UNDECLARED_SELECTOR = YES;
				GCC_WARN_UNINITIALIZED_AUTOS = YES_AGGRESSIVE;
				GCC_WARN_UNUSED_FUNCTION = YES;
				GCC_WARN_UNUSED_VARIABLE = YES;
				IPHONEOS_DEPLOYMENT_TARGET = 15.5;
				MTL_ENABLE_DEBUG_INFO = NO;
				MTL_FAST_MATH = YES;
				SDKROOT = iphoneos;
				SWIFT_COMPILATION_MODE = wholemodule;
				SWIFT_OPTIMIZATION_LEVEL = "-O";
				VALIDATE_PRODUCT = YES;
			};
			name = Release;
		};
		4EEF6B7828BD273C00610B54 /* Debug */ = {
			isa = XCBuildConfiguration;
			buildSettings = {
				ASSETCATALOG_COMPILER_APPICON_NAME = AppIcon;
				ASSETCATALOG_COMPILER_GLOBAL_ACCENT_COLOR_NAME = AccentColor;
				CODE_SIGN_ENTITLEMENTS = NPC/NPC.entitlements;
				CODE_SIGN_STYLE = Automatic;
				CURRENT_PROJECT_VERSION = 1;
				DEVELOPMENT_ASSET_PATHS = "\"NPC/Preview Content\"";
				DEVELOPMENT_TEAM = 7RTY8D8R5Z;
				ENABLE_PREVIEWS = YES;
				GENERATE_INFOPLIST_FILE = YES;
				INFOPLIST_FILE = NPC/Info.plist;
				INFOPLIST_KEY_LSApplicationCategoryType = "";
				INFOPLIST_KEY_NSMicrophoneUsageDescription = "NPC wants to access your microphone";
				INFOPLIST_KEY_UIApplicationSceneManifest_Generation = YES;
				INFOPLIST_KEY_UIApplicationSupportsIndirectInputEvents = YES;
				INFOPLIST_KEY_UILaunchScreen_Generation = YES;
				INFOPLIST_KEY_UISupportedInterfaceOrientations_iPad = "UIInterfaceOrientationPortrait UIInterfaceOrientationPortraitUpsideDown UIInterfaceOrientationLandscapeLeft UIInterfaceOrientationLandscapeRight";
				INFOPLIST_KEY_UISupportedInterfaceOrientations_iPhone = "UIInterfaceOrientationPortrait UIInterfaceOrientationLandscapeLeft UIInterfaceOrientationLandscapeRight";
				MARKETING_VERSION = 1.0;
				PRODUCT_BUNDLE_IDENTIFIER = RMITUniversityVietnam.NPC;
				PRODUCT_NAME = "$(TARGET_NAME)";
				SWIFT_EMIT_LOC_STRINGS = YES;
				SWIFT_VERSION = 5.0;
				TARGETED_DEVICE_FAMILY = "1,2";
			};
			name = Debug;
		};
		4EEF6B7928BD273C00610B54 /* Release */ = {
			isa = XCBuildConfiguration;
			buildSettings = {
				ASSETCATALOG_COMPILER_APPICON_NAME = AppIcon;
				ASSETCATALOG_COMPILER_GLOBAL_ACCENT_COLOR_NAME = AccentColor;
				CODE_SIGN_ENTITLEMENTS = NPC/NPC.entitlements;
				CODE_SIGN_STYLE = Automatic;
				CURRENT_PROJECT_VERSION = 1;
				DEVELOPMENT_ASSET_PATHS = "\"NPC/Preview Content\"";
				DEVELOPMENT_TEAM = 7RTY8D8R5Z;
				ENABLE_PREVIEWS = YES;
				GENERATE_INFOPLIST_FILE = YES;
				INFOPLIST_FILE = NPC/Info.plist;
				INFOPLIST_KEY_LSApplicationCategoryType = "";
				INFOPLIST_KEY_NSMicrophoneUsageDescription = "NPC wants to access your microphone";
				INFOPLIST_KEY_UIApplicationSceneManifest_Generation = YES;
				INFOPLIST_KEY_UIApplicationSupportsIndirectInputEvents = YES;
				INFOPLIST_KEY_UILaunchScreen_Generation = YES;
				INFOPLIST_KEY_UISupportedInterfaceOrientations_iPad = "UIInterfaceOrientationPortrait UIInterfaceOrientationPortraitUpsideDown UIInterfaceOrientationLandscapeLeft UIInterfaceOrientationLandscapeRight";
				INFOPLIST_KEY_UISupportedInterfaceOrientations_iPhone = "UIInterfaceOrientationPortrait UIInterfaceOrientationLandscapeLeft UIInterfaceOrientationLandscapeRight";
				MARKETING_VERSION = 1.0;
				PRODUCT_BUNDLE_IDENTIFIER = RMITUniversityVietnam.NPC;
				PRODUCT_NAME = "$(TARGET_NAME)";
				SWIFT_EMIT_LOC_STRINGS = YES;
				SWIFT_VERSION = 5.0;
				TARGETED_DEVICE_FAMILY = "1,2";
			};
			name = Release;
		};
/* End XCBuildConfiguration section */

/* Begin XCConfigurationList section */
		4EEF6B6428BD273B00610B54 /* Build configuration list for PBXProject "NPC" */ = {
			isa = XCConfigurationList;
			buildConfigurations = (
				4EEF6B7528BD273C00610B54 /* Debug */,
				4EEF6B7628BD273C00610B54 /* Release */,
			);
			defaultConfigurationIsVisible = 0;
			defaultConfigurationName = Release;
		};
		4EEF6B7728BD273C00610B54 /* Build configuration list for PBXNativeTarget "NPC" */ = {
			isa = XCConfigurationList;
			buildConfigurations = (
				4EEF6B7828BD273C00610B54 /* Debug */,
				4EEF6B7928BD273C00610B54 /* Release */,
			);
			defaultConfigurationIsVisible = 0;
			defaultConfigurationName = Release;
		};
/* End XCConfigurationList section */

/* Begin XCRemoteSwiftPackageReference section */
		4E26037128CD970100DC739B /* XCRemoteSwiftPackageReference "firebase-ios-sdk" */ = {
			isa = XCRemoteSwiftPackageReference;
			repositoryURL = "https://github.com/firebase/firebase-ios-sdk";
			requirement = {
				branch = master;
				kind = branch;
			};
		};
		4E26038C28CF284900DC739B /* XCRemoteSwiftPackageReference "PopupView" */ = {
			isa = XCRemoteSwiftPackageReference;
			repositoryURL = "https://github.com/exyte/PopupView.git";
			requirement = {
				branch = master;
				kind = branch;
			};
		};
		BB99BBD528CDAA4300D80BF6 /* XCRemoteSwiftPackageReference "SimpleToast" */ = {
			isa = XCRemoteSwiftPackageReference;
			repositoryURL = "https://github.com/sanzaru/SimpleToast";
			requirement = {
				kind = upToNextMajorVersion;
				minimumVersion = 0.6.2;
			};
		};
/* End XCRemoteSwiftPackageReference section */

/* Begin XCSwiftPackageProductDependency section */
		4E26037228CD970200DC739B /* FirebaseAnalytics */ = {
			isa = XCSwiftPackageProductDependency;
			package = 4E26037128CD970100DC739B /* XCRemoteSwiftPackageReference "firebase-ios-sdk" */;
			productName = FirebaseAnalytics;
		};
		4E26037428CD970200DC739B /* FirebaseAuth */ = {
			isa = XCSwiftPackageProductDependency;
			package = 4E26037128CD970100DC739B /* XCRemoteSwiftPackageReference "firebase-ios-sdk" */;
			productName = FirebaseAuth;
		};
		4E26037628CD970200DC739B /* FirebaseFirestore */ = {
			isa = XCSwiftPackageProductDependency;
			package = 4E26037128CD970100DC739B /* XCRemoteSwiftPackageReference "firebase-ios-sdk" */;
			productName = FirebaseFirestore;
		};
		4E26037828CD970200DC739B /* FirebaseFirestoreSwift */ = {
			isa = XCSwiftPackageProductDependency;
			package = 4E26037128CD970100DC739B /* XCRemoteSwiftPackageReference "firebase-ios-sdk" */;
			productName = FirebaseFirestoreSwift;
		};
		4E26037A28CD970200DC739B /* FirebaseMessaging */ = {
			isa = XCSwiftPackageProductDependency;
			package = 4E26037128CD970100DC739B /* XCRemoteSwiftPackageReference "firebase-ios-sdk" */;
			productName = FirebaseMessaging;
		};
		4E26037C28CD970200DC739B /* FirebaseStorage */ = {
			isa = XCSwiftPackageProductDependency;
			package = 4E26037128CD970100DC739B /* XCRemoteSwiftPackageReference "firebase-ios-sdk" */;
			productName = FirebaseStorage;
		};
		4E26038D28CF284900DC739B /* PopupView */ = {
			isa = XCSwiftPackageProductDependency;
			package = 4E26038C28CF284900DC739B /* XCRemoteSwiftPackageReference "PopupView" */;
			productName = PopupView;
		};
		BB99BBD628CDAA4300D80BF6 /* SimpleToast */ = {
			isa = XCSwiftPackageProductDependency;
			package = BB99BBD528CDAA4300D80BF6 /* XCRemoteSwiftPackageReference "SimpleToast" */;
			productName = SimpleToast;
		};
/* End XCSwiftPackageProductDependency section */
	};
	rootObject = 4EEF6B6128BD273B00610B54 /* Project object */;
}
